
Microsoft Visual Studio Solution File, Format Version 12.00
# Visual Studio Version 17
VisualStudioVersion = 17.8.34330.188
MinimumVisualStudioVersion = 10.0.40219.1
Project("{9A19103F-16F7-4668-BE54-9A1E7A4F7556}") = "FOM", "FOM\FOM.csproj", "{B67A5757-BCE2-4D52-B7BF-272621997970}"
EndProject
Global
	GlobalSection(SolutionConfigurationPlatforms) = preSolution
		Debug|Any CPU = Debug|Any CPU
		Release|Any CPU = Release|Any CPU
	EndGlobalSection
	GlobalSection(ProjectConfigurationPlatforms) = postSolution
		{B67A5757-BCE2-4D52-B7BF-272621997970}.Debug|Any CPU.ActiveCfg = Debug|Any CPU
		{B67A5757-BCE2-4D52-B7BF-272621997970}.Debug|Any CPU.Build.0 = Debug|Any CPU
		{B67A5757-BCE2-4D52-B7BF-272621997970}.Release|Any CPU.ActiveCfg = Release|Any CPU
		{B67A5757-BCE2-4D52-B7BF-272621997970}.Release|Any CPU.Build.0 = Release|Any CPU
	EndGlobalSection
	GlobalSection(SolutionProperties) = preSolution
		HideSolutionNode = FALSE
	EndGlobalSection
	GlobalSection(ExtensibilityGlobals) = postSolution
		SolutionGuid = {A128791D-5AAA-4DD0-981E-47051250AA49}
	EndGlobalSection
EndGlobal
